
Microsoft Visual Studio Solution File, Format Version 12.00
# Visual Studio 15
VisualStudioVersion = 15.0.28307.168
MinimumVisualStudioVersion = 10.0.40219.1
Project("{FAE04EC0-301F-11D3-BF4B-00C04F79EFBC}") = "Sudoku", "Sudoku\Sudoku.csproj", "{146A6236-661C-4E60-A279-22D92613DD6B}"
EndProject
Global
	GlobalSection(SolutionConfigurationPlatforms) = preSolution
		Debug|Any CPU = Debug|Any CPU
		Release|Any CPU = Release|Any CPU
	EndGlobalSection
	GlobalSection(ProjectConfigurationPlatforms) = postSolution
		{146A6236-661C-4E60-A279-22D92613DD6B}.Debug|Any CPU.ActiveCfg = Debug|Any CPU
		{146A6236-661C-4E60-A279-22D92613DD6B}.Debug|Any CPU.Build.0 = Debug|Any CPU
		{146A6236-661C-4E60-A279-22D92613DD6B}.Release|Any CPU.ActiveCfg = Release|Any CPU
		{146A6236-661C-4E60-A279-22D92613DD6B}.Release|Any CPU.Build.0 = Release|Any CPU
	EndGlobalSection
	GlobalSection(SolutionProperties) = preSolution
		HideSolutionNode = FALSE
	EndGlobalSection
	GlobalSection(ExtensibilityGlobals) = postSolution
		SolutionGuid = {BBBD9839-4CC4-4B75-AAD1-A2AC1FC6D2E4}
	EndGlobalSection
EndGlobal
